
Microsoft Visual Studio Solution File, Format Version 12.00
# Visual Studio 14
VisualStudioVersion = 14.0.25420.1
MinimumVisualStudioVersion = 10.0.40219.1
Project("{2150E333-8FDC-42A3-9474-1A3956D46DE8}") = "1.AdvancedCSharp", "1.AdvancedCSharp", "{75FDC8A8-CE04-4C54-A396-10AFD8766BA2}"
EndProject
Project("{FAE04EC0-301F-11D3-BF4B-00C04F79EFBC}") = "OnlineStoreProduct", "OnlineStoreProduct\OnlineStoreProduct.csproj", "{98B75BD0-F16D-4DC5-8CBF-D8D90E45BDD6}"
EndProject
Project("{FAE04EC0-301F-11D3-BF4B-00C04F79EFBC}") = "OnlineStoreProduct.Tests", "OnlineStoreProduct.Tests\OnlineStoreProduct.Tests.csproj", "{8642C8FD-1A44-4D4F-BF74-2C0DFA260392}"
EndProject
Project("{2150E333-8FDC-42A3-9474-1A3956D46DE8}") = "2.BCL", "2.BCL", "{E2D22BF1-C332-407F-835A-E7C6F7F51986}"
EndProject
Project("{FAE04EC0-301F-11D3-BF4B-00C04F79EFBC}") = "Attributes", "Attributes\Attributes.csproj", "{E6516F59-9BF2-4BD3-8C05-76DD0F9F5B5C}"
EndProject
Project("{FAE04EC0-301F-11D3-BF4B-00C04F79EFBC}") = "Attributes.Tests", "Attributes.Tests\Attributes.Tests.csproj", "{A14557AA-C78A-4013-89D7-9549FA05E9B8}"
EndProject
Project("{2150E333-8FDC-42A3-9474-1A3956D46DE8}") = "Caching", "Caching", "{878039B8-8FE2-4024-BD7E-3FDB0CE803F5}"
EndProject
Project("{FAE04EC0-301F-11D3-BF4B-00C04F79EFBC}") = "FibonacciNumbers", "FibonacciNumbers\FibonacciNumbers.csproj", "{2A8735E8-EA8D-40C3-AF93-EA441298EF94}"
EndProject
Project("{FAE04EC0-301F-11D3-BF4B-00C04F79EFBC}") = "FibonacciNumbers.Tests", "FibonacciNumbers.Tests\FibonacciNumbers.Tests.csproj", "{F5D37826-3D04-4E36-BE9C-09B1C9A18DDF}"
EndProject
Project("{2150E333-8FDC-42A3-9474-1A3956D46DE8}") = "ExceptionHandling", "ExceptionHandling", "{B6D45C1D-B507-4DF0-A17A-EE1D91E18FBC}"
EndProject
Project("{FAE04EC0-301F-11D3-BF4B-00C04F79EFBC}") = "ExceptionHandling", "ExceptionHandling\ExceptionHandling.csproj", "{2213ECD1-0FE9-45F5-A5BB-B6837B487764}"
EndProject
Project("{2150E333-8FDC-42A3-9474-1A3956D46DE8}") = "Reflection", "Reflection", "{CD0951F7-DBB0-445D-904B-576FFCEF396B}"
EndProject
Project("{FAE04EC0-301F-11D3-BF4B-00C04F79EFBC}") = "Reflection", "Reflection\Reflection.csproj", "{F8F7B55A-62D8-48A8-B73B-EA45BBB5B0EE}"
EndProject
Project("{FAE04EC0-301F-11D3-BF4B-00C04F79EFBC}") = "Reflection.Tests", "Reflection.Tests\Reflection.Tests.csproj", "{DFD6F99E-ED4F-45FB-BE7D-F37616B5DD99}"
EndProject
Global
	GlobalSection(SolutionConfigurationPlatforms) = preSolution
		Debug|Any CPU = Debug|Any CPU
		Release|Any CPU = Release|Any CPU
	EndGlobalSection
	GlobalSection(ProjectConfigurationPlatforms) = postSolution
		{98B75BD0-F16D-4DC5-8CBF-D8D90E45BDD6}.Debug|Any CPU.ActiveCfg = Debug|Any CPU
		{98B75BD0-F16D-4DC5-8CBF-D8D90E45BDD6}.Debug|Any CPU.Build.0 = Debug|Any CPU
		{98B75BD0-F16D-4DC5-8CBF-D8D90E45BDD6}.Release|Any CPU.ActiveCfg = Release|Any CPU
		{98B75BD0-F16D-4DC5-8CBF-D8D90E45BDD6}.Release|Any CPU.Build.0 = Release|Any CPU
		{8642C8FD-1A44-4D4F-BF74-2C0DFA260392}.Debug|Any CPU.ActiveCfg = Debug|Any CPU
		{8642C8FD-1A44-4D4F-BF74-2C0DFA260392}.Debug|Any CPU.Build.0 = Debug|Any CPU
		{8642C8FD-1A44-4D4F-BF74-2C0DFA260392}.Release|Any CPU.ActiveCfg = Release|Any CPU
		{8642C8FD-1A44-4D4F-BF74-2C0DFA260392}.Release|Any CPU.Build.0 = Release|Any CPU
		{E6516F59-9BF2-4BD3-8C05-76DD0F9F5B5C}.Debug|Any CPU.ActiveCfg = Debug|Any CPU
		{E6516F59-9BF2-4BD3-8C05-76DD0F9F5B5C}.Debug|Any CPU.Build.0 = Debug|Any CPU
		{E6516F59-9BF2-4BD3-8C05-76DD0F9F5B5C}.Release|Any CPU.ActiveCfg = Release|Any CPU
		{E6516F59-9BF2-4BD3-8C05-76DD0F9F5B5C}.Release|Any CPU.Build.0 = Release|Any CPU
		{A14557AA-C78A-4013-89D7-9549FA05E9B8}.Debug|Any CPU.ActiveCfg = Debug|Any CPU
		{A14557AA-C78A-4013-89D7-9549FA05E9B8}.Debug|Any CPU.Build.0 = Debug|Any CPU
		{A14557AA-C78A-4013-89D7-9549FA05E9B8}.Release|Any CPU.ActiveCfg = Release|Any CPU
		{A14557AA-C78A-4013-89D7-9549FA05E9B8}.Release|Any CPU.Build.0 = Release|Any CPU
		{2A8735E8-EA8D-40C3-AF93-EA441298EF94}.Debug|Any CPU.ActiveCfg = Debug|Any CPU
		{2A8735E8-EA8D-40C3-AF93-EA441298EF94}.Debug|Any CPU.Build.0 = Debug|Any CPU
		{2A8735E8-EA8D-40C3-AF93-EA441298EF94}.Release|Any CPU.ActiveCfg = Release|Any CPU
		{2A8735E8-EA8D-40C3-AF93-EA441298EF94}.Release|Any CPU.Build.0 = Release|Any CPU
		{F5D37826-3D04-4E36-BE9C-09B1C9A18DDF}.Debug|Any CPU.ActiveCfg = Debug|Any CPU
		{F5D37826-3D04-4E36-BE9C-09B1C9A18DDF}.Debug|Any CPU.Build.0 = Debug|Any CPU
		{F5D37826-3D04-4E36-BE9C-09B1C9A18DDF}.Release|Any CPU.ActiveCfg = Release|Any CPU
		{F5D37826-3D04-4E36-BE9C-09B1C9A18DDF}.Release|Any CPU.Build.0 = Release|Any CPU
		{2213ECD1-0FE9-45F5-A5BB-B6837B487764}.Debug|Any CPU.ActiveCfg = Debug|Any CPU
		{2213ECD1-0FE9-45F5-A5BB-B6837B487764}.Debug|Any CPU.Build.0 = Debug|Any CPU
		{2213ECD1-0FE9-45F5-A5BB-B6837B487764}.Release|Any CPU.ActiveCfg = Release|Any CPU
		{2213ECD1-0FE9-45F5-A5BB-B6837B487764}.Release|Any CPU.Build.0 = Release|Any CPU
		{F8F7B55A-62D8-48A8-B73B-EA45BBB5B0EE}.Debug|Any CPU.ActiveCfg = Debug|Any CPU
		{F8F7B55A-62D8-48A8-B73B-EA45BBB5B0EE}.Debug|Any CPU.Build.0 = Debug|Any CPU
		{F8F7B55A-62D8-48A8-B73B-EA45BBB5B0EE}.Release|Any CPU.ActiveCfg = Release|Any CPU
		{F8F7B55A-62D8-48A8-B73B-EA45BBB5B0EE}.Release|Any CPU.Build.0 = Release|Any CPU
		{DFD6F99E-ED4F-45FB-BE7D-F37616B5DD99}.Debug|Any CPU.ActiveCfg = Debug|Any CPU
		{DFD6F99E-ED4F-45FB-BE7D-F37616B5DD99}.Debug|Any CPU.Build.0 = Debug|Any CPU
		{DFD6F99E-ED4F-45FB-BE7D-F37616B5DD99}.Release|Any CPU.ActiveCfg = Release|Any CPU
		{DFD6F99E-ED4F-45FB-BE7D-F37616B5DD99}.Release|Any CPU.Build.0 = Release|Any CPU
	EndGlobalSection
	GlobalSection(SolutionProperties) = preSolution
		HideSolutionNode = FALSE
	EndGlobalSection
	GlobalSection(NestedProjects) = preSolution
		{98B75BD0-F16D-4DC5-8CBF-D8D90E45BDD6} = {75FDC8A8-CE04-4C54-A396-10AFD8766BA2}
		{8642C8FD-1A44-4D4F-BF74-2C0DFA260392} = {75FDC8A8-CE04-4C54-A396-10AFD8766BA2}
		{E6516F59-9BF2-4BD3-8C05-76DD0F9F5B5C} = {E2D22BF1-C332-407F-835A-E7C6F7F51986}
		{A14557AA-C78A-4013-89D7-9549FA05E9B8} = {E2D22BF1-C332-407F-835A-E7C6F7F51986}
		{2A8735E8-EA8D-40C3-AF93-EA441298EF94} = {878039B8-8FE2-4024-BD7E-3FDB0CE803F5}
		{F5D37826-3D04-4E36-BE9C-09B1C9A18DDF} = {878039B8-8FE2-4024-BD7E-3FDB0CE803F5}
		{2213ECD1-0FE9-45F5-A5BB-B6837B487764} = {B6D45C1D-B507-4DF0-A17A-EE1D91E18FBC}
		{F8F7B55A-62D8-48A8-B73B-EA45BBB5B0EE} = {CD0951F7-DBB0-445D-904B-576FFCEF396B}
		{DFD6F99E-ED4F-45FB-BE7D-F37616B5DD99} = {CD0951F7-DBB0-445D-904B-576FFCEF396B}
	EndGlobalSection
EndGlobal
